// !$*UTF8*$!
{
	archiveVersion = 1;
	classes = {
	};
	objectVersion = 46;
	objects = {

/* Begin PBXBuildFile section */
		04EB5DCE1F063F030004DEB5 /* AppDelegate.swift in Sources */ = {isa = PBXBuildFile; fileRef = 04EB5DBD1F063F030004DEB5 /* AppDelegate.swift */; };
		04EB5DCF1F063F030004DEB5 /* LaunchScreen.storyboard in Resources */ = {isa = PBXBuildFile; fileRef = 04EB5DC51F063F030004DEB5 /* LaunchScreen.storyboard */; };
		04EB5DD01F063F030004DEB5 /* Main.storyboard in Resources */ = {isa = PBXBuildFile; fileRef = 04EB5DC71F063F030004DEB5 /* Main.storyboard */; };
		04EB5DD21F063F030004DEB5 /* Assets.xcassets in Resources */ = {isa = PBXBuildFile; fileRef = 04EB5DCB1F063F030004DEB5 /* Assets.xcassets */; };
		04EB5E071F06449F0004DEB5 /* PhotoSearch.storyboard in Resources */ = {isa = PBXBuildFile; fileRef = 04EB5E061F06449F0004DEB5 /* PhotoSearch.storyboard */; };
		04EB5E0B1F064DF30004DEB5 /* PhotoSearchDataImplementation.swift in Sources */ = {isa = PBXBuildFile; fileRef = 04EB5E0A1F064DF30004DEB5 /* PhotoSearchDataImplementation.swift */; };
		04EB5E0F1F066C620004DEB5 /* PhotoDataDisplayManager.swift in Sources */ = {isa = PBXBuildFile; fileRef = 04EB5E0E1F066C620004DEB5 /* PhotoDataDisplayManager.swift */; };
		04EB5E151F0675220004DEB5 /* DataDisplayManager.swift in Sources */ = {isa = PBXBuildFile; fileRef = 04EB5E141F0675220004DEB5 /* DataDisplayManager.swift */; };
		04EB5E171F06769F0004DEB5 /* Photo.swift in Sources */ = {isa = PBXBuildFile; fileRef = 04EB5E161F06769F0004DEB5 /* Photo.swift */; };
		04EB5E1B1F0677320004DEB5 /* PhotoSearchCell.swift in Sources */ = {isa = PBXBuildFile; fileRef = 04EB5E191F0677320004DEB5 /* PhotoSearchCell.swift */; };
		04EB5E1C1F0677320004DEB5 /* PhotoSearchCell.xib in Resources */ = {isa = PBXBuildFile; fileRef = 04EB5E1A1F0677320004DEB5 /* PhotoSearchCell.xib */; };
		04EB5E251F067E980004DEB5 /* ReusableView.swift in Sources */ = {isa = PBXBuildFile; fileRef = 04EB5E241F067E980004DEB5 /* ReusableView.swift */; };
		04EB5E271F0680480004DEB5 /* UICollectionView.swift in Sources */ = {isa = PBXBuildFile; fileRef = 04EB5E261F0680480004DEB5 /* UICollectionView.swift */; };
		04EB5E291F06812B0004DEB5 /* NibLoadableView.swift in Sources */ = {isa = PBXBuildFile; fileRef = 04EB5E281F06812B0004DEB5 /* NibLoadableView.swift */; };
		04EB5E2B1F0682490004DEB5 /* UICollectionViewCell.swift in Sources */ = {isa = PBXBuildFile; fileRef = 04EB5E2A1F0682490004DEB5 /* UICollectionViewCell.swift */; };
		073DDEB0D6DDE6FF32BCEC9F /* PhotoSearchDetailInteractorInput.swift in Sources */ = {isa = PBXBuildFile; fileRef = 4407FC2D8A61AA50CA313BB1 /* PhotoSearchDetailInteractorInput.swift */; };
		11DB0DB680F126276382FC5E /* PhotoSearchDetailModuleInput.swift in Sources */ = {isa = PBXBuildFile; fileRef = F3A68B6AD7E3B4F15F7E6A8C /* PhotoSearchDetailModuleInput.swift */; };
		14DAB76959724EBCA53CD43D /* PhotoSearchInteractor.swift in Sources */ = {isa = PBXBuildFile; fileRef = 3DAED221A01816DF3FE4EEFA /* PhotoSearchInteractor.swift */; };
		255906FC2077B3DD424D8E5D /* PhotoSearchDetailRouter.swift in Sources */ = {isa = PBXBuildFile; fileRef = 58C35B9E1F633CEB75A00D87 /* PhotoSearchDetailRouter.swift */; };
		363C3999A89C19E39943A402 /* PhotoSearchViewInput.swift in Sources */ = {isa = PBXBuildFile; fileRef = 4AAD32D283C0D79FEEA2332F /* PhotoSearchViewInput.swift */; };
		3BCBC68E5F1B40A38FA295B2 /* PhotoSearchInteractorOutput.swift in Sources */ = {isa = PBXBuildFile; fileRef = EA6D7DDABD3BDF4F78A8ACEB /* PhotoSearchInteractorOutput.swift */; };
		3CF6A8B62EC53791C97B83B9 /* PhotoSearchDetailConfigurator.swift in Sources */ = {isa = PBXBuildFile; fileRef = 5EAE86667E01A34B9C4365AB /* PhotoSearchDetailConfigurator.swift */; };
		4D90A737D7D3346DFCE73E08 /* PhotoSearchViewOutput.swift in Sources */ = {isa = PBXBuildFile; fileRef = 9E14D2272E558509C53828CB /* PhotoSearchViewOutput.swift */; };
		5448F9BE1F091B8500E47B40 /* PhotoLoadingCell.swift in Sources */ = {isa = PBXBuildFile; fileRef = 5448F9BC1F091B8500E47B40 /* PhotoLoadingCell.swift */; };
		5448F9BF1F091B8500E47B40 /* PhotoLoadingCell.xib in Resources */ = {isa = PBXBuildFile; fileRef = 5448F9BD1F091B8500E47B40 /* PhotoLoadingCell.xib */; };
		5448F9E41F091ECC00E47B40 /* PhotoSearchDetailViewController.swift in Sources */ = {isa = PBXBuildFile; fileRef = 5448F9E11F091ECC00E47B40 /* PhotoSearchDetailViewController.swift */; };
		5448F9E51F091ECC00E47B40 /* PhotoSearchDetailViewInput.swift in Sources */ = {isa = PBXBuildFile; fileRef = 5448F9E21F091ECC00E47B40 /* PhotoSearchDetailViewInput.swift */; };
		5448F9E61F091ECC00E47B40 /* PhotoSearchDetailViewOutput.swift in Sources */ = {isa = PBXBuildFile; fileRef = 5448F9E31F091ECC00E47B40 /* PhotoSearchDetailViewOutput.swift */; };
		546ADCD61F08E47B003A39E3 /* ApplicationServicesManager.swift in Sources */ = {isa = PBXBuildFile; fileRef = 546ADCD51F08E47B003A39E3 /* ApplicationServicesManager.swift */; };
		546ADCD81F08EC86003A39E3 /* FlickrPhoto.swift in Sources */ = {isa = PBXBuildFile; fileRef = 546ADCD71F08EC86003A39E3 /* FlickrPhoto.swift */; };
		546ADCDC1F08EE2A003A39E3 /* FlickrPhotoService.swift in Sources */ = {isa = PBXBuildFile; fileRef = 546ADCDB1F08EE2A003A39E3 /* FlickrPhotoService.swift */; };
		546ADCDE1F08EE39003A39E3 /* FlickrPhotoServiceImplementation.swift in Sources */ = {isa = PBXBuildFile; fileRef = 546ADCDD1F08EE39003A39E3 /* FlickrPhotoServiceImplementation.swift */; };
		546ADCE01F08F153003A39E3 /* ErrorConstants.swift in Sources */ = {isa = PBXBuildFile; fileRef = 546ADCDF1F08F153003A39E3 /* ErrorConstants.swift */; };
		546ADCE21F08F1C5003A39E3 /* FlickrAPIConstants.swift in Sources */ = {isa = PBXBuildFile; fileRef = 546ADCE11F08F1C5003A39E3 /* FlickrAPIConstants.swift */; };
		54966AAC1F0923BB0072860C /* PhotoSearchDetail.storyboard in Resources */ = {isa = PBXBuildFile; fileRef = 54966AAB1F0923BB0072860C /* PhotoSearchDetail.storyboard */; };
		54966AAF1F096B470072860C /* ImageLoaderService.swift in Sources */ = {isa = PBXBuildFile; fileRef = 54966AAE1F096B470072860C /* ImageLoaderService.swift */; };
		54966AB11F096B580072860C /* ImageLoaderServiceImplementaion.swift in Sources */ = {isa = PBXBuildFile; fileRef = 54966AB01F096B580072860C /* ImageLoaderServiceImplementaion.swift */; };
		54E31AA01F09099D006E3035 /* StringConstants.swift in Sources */ = {isa = PBXBuildFile; fileRef = 54E31A9F1F09099D006E3035 /* StringConstants.swift */; };
		6C7F032BAFB344F0F30E8659 /* PhotoSearchViewController.swift in Sources */ = {isa = PBXBuildFile; fileRef = EFFDE338F85740889953E9E9 /* PhotoSearchViewController.swift */; };
		712243EBD1B96801E86AD887 /* PhotoSearchModuleInput.swift in Sources */ = {isa = PBXBuildFile; fileRef = AE4AC53D63B85907B6A1A94F /* PhotoSearchModuleInput.swift */; };
		7FBD420723447D74984208DC /* PhotoSearchRouterInput.swift in Sources */ = {isa = PBXBuildFile; fileRef = BD00B8D01AB579965EFB3751 /* PhotoSearchRouterInput.swift */; };
		83DFC432E0C7217B8BFC8B2F /* Pods_FlickrPhotosTests.framework in Frameworks */ = {isa = PBXBuildFile; fileRef = 17E554D741AA756456047E93 /* Pods_FlickrPhotosTests.framework */; };
		90E91223646EA68233C1868F /* PhotoSearchConfigurator.swift in Sources */ = {isa = PBXBuildFile; fileRef = FAC0A730C798D3CAF256D77C /* PhotoSearchConfigurator.swift */; };
		99BD930C1AFE08A2B7ABDCC9 /* PhotoSearchDetailInteractor.swift in Sources */ = {isa = PBXBuildFile; fileRef = D783C7FEA4C11AD061622222 /* PhotoSearchDetailInteractor.swift */; };
		A46BCB760877924442C22C08 /* Pods_FlickrPhotos.framework in Frameworks */ = {isa = PBXBuildFile; fileRef = 51C3E0954C7E96196785B4E6 /* Pods_FlickrPhotos.framework */; };
		AFF81329B2020A45132ECFD3 /* PhotoSearchRouter.swift in Sources */ = {isa = PBXBuildFile; fileRef = 80E57D0E034605F70FD019D3 /* PhotoSearchRouter.swift */; };
		BE9638C16D616B879B2FFDF7 /* PhotoSearchDetailInteractorOutput.swift in Sources */ = {isa = PBXBuildFile; fileRef = CCC0F9964CD204526551DE79 /* PhotoSearchDetailInteractorOutput.swift */; };
		CA7AA78B462EACBDB5FE32A8 /* PhotoSearchPresenter.swift in Sources */ = {isa = PBXBuildFile; fileRef = D0F04B1A0DF9DDB9F8731A2F /* PhotoSearchPresenter.swift */; };
		CC21693716DB5AAF3AFCC5F3 /* PhotoSearchDetailPresenter.swift in Sources */ = {isa = PBXBuildFile; fileRef = 20FE7B23688CCCD96188D38C /* PhotoSearchDetailPresenter.swift */; };
		CDB793F908DF19D9363D581C /* PhotoSearchDetailInitializer.swift in Sources */ = {isa = PBXBuildFile; fileRef = 847D10DC7D3EE8B33A30A7D0 /* PhotoSearchDetailInitializer.swift */; };
		E220009F39E5009DB0A948EB /* PhotoSearchInitializer.swift in Sources */ = {isa = PBXBuildFile; fileRef = ACF5FE0819A926D0E7B54DE3 /* PhotoSearchInitializer.swift */; };
		E5511F923434A5114EE95878 /* PhotoSearchDetailRouterInput.swift in Sources */ = {isa = PBXBuildFile; fileRef = BCD5EC8728DD93B2C0CAD24F /* PhotoSearchDetailRouterInput.swift */; };
		EDE97456027725772A773BD6 /* PhotoSearchInteractorInput.swift in Sources */ = {isa = PBXBuildFile; fileRef = 9183DC8F023ACF4D5B10A943 /* PhotoSearchInteractorInput.swift */; };
/* End PBXBuildFile section */

/* Begin PBXContainerItemProxy section */
		04EB5DAD1F063DD30004DEB5 /* PBXContainerItemProxy */ = {
			isa = PBXContainerItemProxy;
			containerPortal = 04EB5D901F063DD30004DEB5 /* Project object */;
			proxyType = 1;
			remoteGlobalIDString = 04EB5D971F063DD30004DEB5;
			remoteInfo = FlickrPhotos;
		};
/* End PBXContainerItemProxy section */

/* Begin PBXFileReference section */
		04EB5D981F063DD30004DEB5 /* FlickrPhotos.app */ = {isa = PBXFileReference; explicitFileType = wrapper.application; includeInIndex = 0; path = FlickrPhotos.app; sourceTree = BUILT_PRODUCTS_DIR; };
		04EB5DAC1F063DD30004DEB5 /* FlickrPhotosTests.xctest */ = {isa = PBXFileReference; explicitFileType = wrapper.cfbundle; includeInIndex = 0; path = FlickrPhotosTests.xctest; sourceTree = BUILT_PRODUCTS_DIR; };
		04EB5DBD1F063F030004DEB5 /* AppDelegate.swift */ = {isa = PBXFileReference; fileEncoding = 4; lastKnownFileType = sourcecode.swift; path = AppDelegate.swift; sourceTree = "<group>"; };
		04EB5DC61F063F030004DEB5 /* Base */ = {isa = PBXFileReference; lastKnownFileType = file.storyboard; name = Base; path = Base.lproj/LaunchScreen.storyboard; sourceTree = "<group>"; };
		04EB5DC81F063F030004DEB5 /* Base */ = {isa = PBXFileReference; lastKnownFileType = file.storyboard; name = Base; path = Base.lproj/Main.storyboard; sourceTree = "<group>"; };
		04EB5DCB1F063F030004DEB5 /* Assets.xcassets */ = {isa = PBXFileReference; lastKnownFileType = folder.assetcatalog; path = Assets.xcassets; sourceTree = "<group>"; };
		04EB5DCD1F063F030004DEB5 /* Info.plist */ = {isa = PBXFileReference; fileEncoding = 4; lastKnownFileType = text.plist.xml; path = Info.plist; sourceTree = "<group>"; };
		04EB5E061F06449F0004DEB5 /* PhotoSearch.storyboard */ = {isa = PBXFileReference; fileEncoding = 4; lastKnownFileType = file.storyboard; path = PhotoSearch.storyboard; sourceTree = "<group>"; };
		04EB5E0A1F064DF30004DEB5 /* PhotoSearchDataImplementation.swift */ = {isa = PBXFileReference; fileEncoding = 4; lastKnownFileType = sourcecode.swift; name = PhotoSearchDataImplementation.swift; path = FlickrPhotos/Classes/PresentationLayer/UserStories/PhoroSearchUserStory/Modules/PhotoSearch/View/PhotoSearchDataDisplayManager/PhotoSearchDataImplementation.swift; sourceTree = SOURCE_ROOT; };
		04EB5E0E1F066C620004DEB5 /* PhotoDataDisplayManager.swift */ = {isa = PBXFileReference; fileEncoding = 4; lastKnownFileType = sourcecode.swift; path = PhotoDataDisplayManager.swift; sourceTree = "<group>"; };
		04EB5E141F0675220004DEB5 /* DataDisplayManager.swift */ = {isa = PBXFileReference; fileEncoding = 4; lastKnownFileType = sourcecode.swift; path = DataDisplayManager.swift; sourceTree = "<group>"; };
		04EB5E161F06769F0004DEB5 /* Photo.swift */ = {isa = PBXFileReference; fileEncoding = 4; lastKnownFileType = sourcecode.swift; path = Photo.swift; sourceTree = "<group>"; };
		04EB5E191F0677320004DEB5 /* PhotoSearchCell.swift */ = {isa = PBXFileReference; fileEncoding = 4; lastKnownFileType = sourcecode.swift; path = PhotoSearchCell.swift; sourceTree = "<group>"; };
		04EB5E1A1F0677320004DEB5 /* PhotoSearchCell.xib */ = {isa = PBXFileReference; fileEncoding = 4; lastKnownFileType = file.xib; path = PhotoSearchCell.xib; sourceTree = "<group>"; };
		04EB5E241F067E980004DEB5 /* ReusableView.swift */ = {isa = PBXFileReference; fileEncoding = 4; lastKnownFileType = sourcecode.swift; path = ReusableView.swift; sourceTree = "<group>"; };
		04EB5E261F0680480004DEB5 /* UICollectionView.swift */ = {isa = PBXFileReference; fileEncoding = 4; lastKnownFileType = sourcecode.swift; path = UICollectionView.swift; sourceTree = "<group>"; };
		04EB5E281F06812B0004DEB5 /* NibLoadableView.swift */ = {isa = PBXFileReference; fileEncoding = 4; lastKnownFileType = sourcecode.swift; path = NibLoadableView.swift; sourceTree = "<group>"; };
		04EB5E2A1F0682490004DEB5 /* UICollectionViewCell.swift */ = {isa = PBXFileReference; fileEncoding = 4; lastKnownFileType = sourcecode.swift; path = UICollectionViewCell.swift; sourceTree = "<group>"; };
		0E6EA9E816361FA4EA694BF8 /* Pods-FlickrPhotos.debug.xcconfig */ = {isa = PBXFileReference; includeInIndex = 1; lastKnownFileType = text.xcconfig; name = "Pods-FlickrPhotos.debug.xcconfig"; path = "Pods/Target Support Files/Pods-FlickrPhotos/Pods-FlickrPhotos.debug.xcconfig"; sourceTree = "<group>"; };
		17E554D741AA756456047E93 /* Pods_FlickrPhotosTests.framework */ = {isa = PBXFileReference; explicitFileType = wrapper.framework; includeInIndex = 0; path = Pods_FlickrPhotosTests.framework; sourceTree = BUILT_PRODUCTS_DIR; };
		20FE7B23688CCCD96188D38C /* PhotoSearchDetailPresenter.swift */ = {isa = PBXFileReference; includeInIndex = 1; lastKnownFileType = sourcecode.swift; path = PhotoSearchDetailPresenter.swift; sourceTree = "<group>"; };
		23E100423B5530B5AEF3D84C /* Pods-FlickrPhotosTests.debug.xcconfig */ = {isa = PBXFileReference; includeInIndex = 1; lastKnownFileType = text.xcconfig; name = "Pods-FlickrPhotosTests.debug.xcconfig"; path = "Pods/Target Support Files/Pods-FlickrPhotosTests/Pods-FlickrPhotosTests.debug.xcconfig"; sourceTree = "<group>"; };
		3DAED221A01816DF3FE4EEFA /* PhotoSearchInteractor.swift */ = {isa = PBXFileReference; includeInIndex = 1; lastKnownFileType = sourcecode.swift; path = PhotoSearchInteractor.swift; sourceTree = "<group>"; };
		4407FC2D8A61AA50CA313BB1 /* PhotoSearchDetailInteractorInput.swift */ = {isa = PBXFileReference; includeInIndex = 1; lastKnownFileType = sourcecode.swift; path = PhotoSearchDetailInteractorInput.swift; sourceTree = "<group>"; };
		4AAD32D283C0D79FEEA2332F /* PhotoSearchViewInput.swift */ = {isa = PBXFileReference; includeInIndex = 1; lastKnownFileType = sourcecode.swift; path = PhotoSearchViewInput.swift; sourceTree = "<group>"; };
		51C3E0954C7E96196785B4E6 /* Pods_FlickrPhotos.framework */ = {isa = PBXFileReference; explicitFileType = wrapper.framework; includeInIndex = 0; path = Pods_FlickrPhotos.framework; sourceTree = BUILT_PRODUCTS_DIR; };
		5448F9BC1F091B8500E47B40 /* PhotoLoadingCell.swift */ = {isa = PBXFileReference; fileEncoding = 4; lastKnownFileType = sourcecode.swift; name = PhotoLoadingCell.swift; path = FlickrPhotos/Classes/PresentationLayer/UserStories/PhoroSearchUserStory/Modules/PhotoSearch/View/PhotoLoadingCell/PhotoLoadingCell.swift; sourceTree = SOURCE_ROOT; };
		5448F9BD1F091B8500E47B40 /* PhotoLoadingCell.xib */ = {isa = PBXFileReference; fileEncoding = 4; lastKnownFileType = file.xib; name = PhotoLoadingCell.xib; path = FlickrPhotos/Classes/PresentationLayer/UserStories/PhoroSearchUserStory/Modules/PhotoSearch/View/PhotoLoadingCell/PhotoLoadingCell.xib; sourceTree = SOURCE_ROOT; };
		5448F9E11F091ECC00E47B40 /* PhotoSearchDetailViewController.swift */ = {isa = PBXFileReference; fileEncoding = 4; lastKnownFileType = sourcecode.swift; path = PhotoSearchDetailViewController.swift; sourceTree = "<group>"; };
		5448F9E21F091ECC00E47B40 /* PhotoSearchDetailViewInput.swift */ = {isa = PBXFileReference; fileEncoding = 4; lastKnownFileType = sourcecode.swift; path = PhotoSearchDetailViewInput.swift; sourceTree = "<group>"; };
		5448F9E31F091ECC00E47B40 /* PhotoSearchDetailViewOutput.swift */ = {isa = PBXFileReference; fileEncoding = 4; lastKnownFileType = sourcecode.swift; path = PhotoSearchDetailViewOutput.swift; sourceTree = "<group>"; };
		546ADCD51F08E47B003A39E3 /* ApplicationServicesManager.swift */ = {isa = PBXFileReference; fileEncoding = 4; lastKnownFileType = sourcecode.swift; path = ApplicationServicesManager.swift; sourceTree = "<group>"; };
		546ADCD71F08EC86003A39E3 /* FlickrPhoto.swift */ = {isa = PBXFileReference; fileEncoding = 4; lastKnownFileType = sourcecode.swift; path = FlickrPhoto.swift; sourceTree = "<group>"; };
		546ADCDB1F08EE2A003A39E3 /* FlickrPhotoService.swift */ = {isa = PBXFileReference; fileEncoding = 4; lastKnownFileType = sourcecode.swift; path = FlickrPhotoService.swift; sourceTree = "<group>"; };
		546ADCDD1F08EE39003A39E3 /* FlickrPhotoServiceImplementation.swift */ = {isa = PBXFileReference; fileEncoding = 4; lastKnownFileType = sourcecode.swift; path = FlickrPhotoServiceImplementation.swift; sourceTree = "<group>"; };
		546ADCDF1F08F153003A39E3 /* ErrorConstants.swift */ = {isa = PBXFileReference; fileEncoding = 4; lastKnownFileType = sourcecode.swift; name = ErrorConstants.swift; path = FlickrPhotos/Classes/BusinessLogicLayer/Services/FlickrPhotoService/ErrorConstants.swift; sourceTree = SOURCE_ROOT; };
		546ADCE11F08F1C5003A39E3 /* FlickrAPIConstants.swift */ = {isa = PBXFileReference; fileEncoding = 4; lastKnownFileType = sourcecode.swift; name = FlickrAPIConstants.swift; path = FlickrPhotos/Classes/BusinessLogicLayer/Services/FlickrPhotoService/FlickrAPIConstants.swift; sourceTree = SOURCE_ROOT; };
		54966AAB1F0923BB0072860C /* PhotoSearchDetail.storyboard */ = {isa = PBXFileReference; fileEncoding = 4; lastKnownFileType = file.storyboard; name = PhotoSearchDetail.storyboard; path = ../../PhoroSearchUserStory/Storyboard/PhotoSearchDetail.storyboard; sourceTree = "<group>"; };
		54966AAE1F096B470072860C /* ImageLoaderService.swift */ = {isa = PBXFileReference; fileEncoding = 4; lastKnownFileType = sourcecode.swift; path = ImageLoaderService.swift; sourceTree = "<group>"; };
		54966AB01F096B580072860C /* ImageLoaderServiceImplementaion.swift */ = {isa = PBXFileReference; fileEncoding = 4; lastKnownFileType = sourcecode.swift; path = ImageLoaderServiceImplementaion.swift; sourceTree = "<group>"; };
		54E31A9F1F09099D006E3035 /* StringConstants.swift */ = {isa = PBXFileReference; fileEncoding = 4; lastKnownFileType = sourcecode.swift; name = StringConstants.swift; path = FlickrPhotos/Classes/BusinessLogicLayer/Services/FlickrPhotoService/StringConstants.swift; sourceTree = SOURCE_ROOT; };
		58C35B9E1F633CEB75A00D87 /* PhotoSearchDetailRouter.swift */ = {isa = PBXFileReference; includeInIndex = 1; lastKnownFileType = sourcecode.swift; path = PhotoSearchDetailRouter.swift; sourceTree = "<group>"; };
		5D3572C705FD73D580B0F23E /* Pods-FlickrPhotosTests.release.xcconfig */ = {isa = PBXFileReference; includeInIndex = 1; lastKnownFileType = text.xcconfig; name = "Pods-FlickrPhotosTests.release.xcconfig"; path = "Pods/Target Support Files/Pods-FlickrPhotosTests/Pods-FlickrPhotosTests.release.xcconfig"; sourceTree = "<group>"; };
		5EAE86667E01A34B9C4365AB /* PhotoSearchDetailConfigurator.swift */ = {isa = PBXFileReference; includeInIndex = 1; lastKnownFileType = sourcecode.swift; path = PhotoSearchDetailConfigurator.swift; sourceTree = "<group>"; };
		80E57D0E034605F70FD019D3 /* PhotoSearchRouter.swift */ = {isa = PBXFileReference; includeInIndex = 1; lastKnownFileType = sourcecode.swift; path = PhotoSearchRouter.swift; sourceTree = "<group>"; };
		847D10DC7D3EE8B33A30A7D0 /* PhotoSearchDetailInitializer.swift */ = {isa = PBXFileReference; includeInIndex = 1; lastKnownFileType = sourcecode.swift; path = PhotoSearchDetailInitializer.swift; sourceTree = "<group>"; };
		9183DC8F023ACF4D5B10A943 /* PhotoSearchInteractorInput.swift */ = {isa = PBXFileReference; includeInIndex = 1; lastKnownFileType = sourcecode.swift; path = PhotoSearchInteractorInput.swift; sourceTree = "<group>"; };
		9E14D2272E558509C53828CB /* PhotoSearchViewOutput.swift */ = {isa = PBXFileReference; includeInIndex = 1; lastKnownFileType = sourcecode.swift; path = PhotoSearchViewOutput.swift; sourceTree = "<group>"; };
		ACF5FE0819A926D0E7B54DE3 /* PhotoSearchInitializer.swift */ = {isa = PBXFileReference; includeInIndex = 1; lastKnownFileType = sourcecode.swift; path = PhotoSearchInitializer.swift; sourceTree = "<group>"; };
		AE4AC53D63B85907B6A1A94F /* PhotoSearchModuleInput.swift */ = {isa = PBXFileReference; includeInIndex = 1; lastKnownFileType = sourcecode.swift; path = PhotoSearchModuleInput.swift; sourceTree = "<group>"; };
		BCD5EC8728DD93B2C0CAD24F /* PhotoSearchDetailRouterInput.swift */ = {isa = PBXFileReference; includeInIndex = 1; lastKnownFileType = sourcecode.swift; path = PhotoSearchDetailRouterInput.swift; sourceTree = "<group>"; };
		BD00B8D01AB579965EFB3751 /* PhotoSearchRouterInput.swift */ = {isa = PBXFileReference; includeInIndex = 1; lastKnownFileType = sourcecode.swift; path = PhotoSearchRouterInput.swift; sourceTree = "<group>"; };
		C40537136687225A8BA7594B /* Pods-FlickrPhotos.release.xcconfig */ = {isa = PBXFileReference; includeInIndex = 1; lastKnownFileType = text.xcconfig; name = "Pods-FlickrPhotos.release.xcconfig"; path = "Pods/Target Support Files/Pods-FlickrPhotos/Pods-FlickrPhotos.release.xcconfig"; sourceTree = "<group>"; };
		CCC0F9964CD204526551DE79 /* PhotoSearchDetailInteractorOutput.swift */ = {isa = PBXFileReference; includeInIndex = 1; lastKnownFileType = sourcecode.swift; path = PhotoSearchDetailInteractorOutput.swift; sourceTree = "<group>"; };
		D0F04B1A0DF9DDB9F8731A2F /* PhotoSearchPresenter.swift */ = {isa = PBXFileReference; includeInIndex = 1; lastKnownFileType = sourcecode.swift; path = PhotoSearchPresenter.swift; sourceTree = "<group>"; };
		D783C7FEA4C11AD061622222 /* PhotoSearchDetailInteractor.swift */ = {isa = PBXFileReference; includeInIndex = 1; lastKnownFileType = sourcecode.swift; path = PhotoSearchDetailInteractor.swift; sourceTree = "<group>"; };
		EA6D7DDABD3BDF4F78A8ACEB /* PhotoSearchInteractorOutput.swift */ = {isa = PBXFileReference; includeInIndex = 1; lastKnownFileType = sourcecode.swift; path = PhotoSearchInteractorOutput.swift; sourceTree = "<group>"; };
		EFFDE338F85740889953E9E9 /* PhotoSearchViewController.swift */ = {isa = PBXFileReference; includeInIndex = 1; lastKnownFileType = sourcecode.swift; path = PhotoSearchViewController.swift; sourceTree = "<group>"; };
		F3A68B6AD7E3B4F15F7E6A8C /* PhotoSearchDetailModuleInput.swift */ = {isa = PBXFileReference; includeInIndex = 1; lastKnownFileType = sourcecode.swift; path = PhotoSearchDetailModuleInput.swift; sourceTree = "<group>"; };
		FAC0A730C798D3CAF256D77C /* PhotoSearchConfigurator.swift */ = {isa = PBXFileReference; includeInIndex = 1; lastKnownFileType = sourcecode.swift; path = PhotoSearchConfigurator.swift; sourceTree = "<group>"; };
/* End PBXFileReference section */

/* Begin PBXFrameworksBuildPhase section */
		04EB5D951F063DD30004DEB5 /* Frameworks */ = {
			isa = PBXFrameworksBuildPhase;
			buildActionMask = 2147483647;
			files = (
				A46BCB760877924442C22C08 /* Pods_FlickrPhotos.framework in Frameworks */,
			);
			runOnlyForDeploymentPostprocessing = 0;
		};
		04EB5DA91F063DD30004DEB5 /* Frameworks */ = {
			isa = PBXFrameworksBuildPhase;
			buildActionMask = 2147483647;
			files = (
				83DFC432E0C7217B8BFC8B2F /* Pods_FlickrPhotosTests.framework in Frameworks */,
			);
			runOnlyForDeploymentPostprocessing = 0;
		};
/* End PBXFrameworksBuildPhase section */

/* Begin PBXGroup section */
		03DB8A5049976A962C8C7E31 /* Presenter */ = {
			isa = PBXGroup;
			children = (
				F3A68B6AD7E3B4F15F7E6A8C /* PhotoSearchDetailModuleInput.swift */,
				20FE7B23688CCCD96188D38C /* PhotoSearchDetailPresenter.swift */,
			);
			path = Presenter;
			sourceTree = "<group>";
		};
		04C52476A0C40E357DDCE322 /* Interactor */ = {
			isa = PBXGroup;
			children = (
				9183DC8F023ACF4D5B10A943 /* PhotoSearchInteractorInput.swift */,
				EA6D7DDABD3BDF4F78A8ACEB /* PhotoSearchInteractorOutput.swift */,
				3DAED221A01816DF3FE4EEFA /* PhotoSearchInteractor.swift */,
			);
			path = Interactor;
			sourceTree = "<group>";
		};
		04EB5D8F1F063DD30004DEB5 = {
			isa = PBXGroup;
			children = (
				04EB5D9A1F063DD30004DEB5 /* FlickrPhotos */,
				04EB5D991F063DD30004DEB5 /* Products */,
				7469F1D9A715799A1AA78FCA /* Pods */,
				A6D917D108C1BA297DCFF775 /* Frameworks */,
			);
			sourceTree = "<group>";
		};
		04EB5D991F063DD30004DEB5 /* Products */ = {
			isa = PBXGroup;
			children = (
				04EB5D981F063DD30004DEB5 /* FlickrPhotos.app */,
				04EB5DAC1F063DD30004DEB5 /* FlickrPhotosTests.xctest */,
			);
			name = Products;
			sourceTree = "<group>";
		};
		04EB5D9A1F063DD30004DEB5 /* FlickrPhotos */ = {
			isa = PBXGroup;
			children = (
				04EB5DBB1F063F030004DEB5 /* Classes */,
				04EB5DCA1F063F030004DEB5 /* Resourses */,
				04EB5DCC1F063F030004DEB5 /* Supporting Files */,
			);
			path = FlickrPhotos;
			sourceTree = "<group>";
		};
		04EB5DBB1F063F030004DEB5 /* Classes */ = {
			isa = PBXGroup;
			children = (
				04EB5DBC1F063F030004DEB5 /* ApplicationLayer */,
				04EB5DC41F063F030004DEB5 /* PresentationLayer */,
				04EB5DBE1F063F030004DEB5 /* BusinessLogicLayer */,
				04EB5DC01F063F030004DEB5 /* CoreLayer */,
				04EB5DC31F063F030004DEB5 /* Models */,
				04EB5DBF1F063F030004DEB5 /* Constants */,
				04EB5DC11F063F030004DEB5 /* Extensions */,
				04EB5DC21F063F030004DEB5 /* Helpers */,
			);
			path = Classes;
			sourceTree = "<group>";
		};
		04EB5DBC1F063F030004DEB5 /* ApplicationLayer */ = {
			isa = PBXGroup;
			children = (
				04EB5DBD1F063F030004DEB5 /* AppDelegate.swift */,
				546ADCD51F08E47B003A39E3 /* ApplicationServicesManager.swift */,
			);
			path = ApplicationLayer;
			sourceTree = "<group>";
		};
		04EB5DBE1F063F030004DEB5 /* BusinessLogicLayer */ = {
			isa = PBXGroup;
			children = (
				546ADCD91F08EE0C003A39E3 /* Services */,
			);
			path = BusinessLogicLayer;
			sourceTree = "<group>";
		};
		04EB5DBF1F063F030004DEB5 /* Constants */ = {
			isa = PBXGroup;
			children = (
				546ADCDF1F08F153003A39E3 /* ErrorConstants.swift */,
				546ADCE11F08F1C5003A39E3 /* FlickrAPIConstants.swift */,
				54E31A9F1F09099D006E3035 /* StringConstants.swift */,
			);
			path = Constants;
			sourceTree = "<group>";
		};
		04EB5DC01F063F030004DEB5 /* CoreLayer */ = {
			isa = PBXGroup;
			children = (
			);
			path = CoreLayer;
			sourceTree = "<group>";
		};
		04EB5DC11F063F030004DEB5 /* Extensions */ = {
			isa = PBXGroup;
			children = (
				04EB5E261F0680480004DEB5 /* UICollectionView.swift */,
				04EB5E2A1F0682490004DEB5 /* UICollectionViewCell.swift */,
			);
			path = Extensions;
			sourceTree = "<group>";
		};
		04EB5DC21F063F030004DEB5 /* Helpers */ = {
			isa = PBXGroup;
			children = (
			);
			path = Helpers;
			sourceTree = "<group>";
		};
		04EB5DC31F063F030004DEB5 /* Models */ = {
			isa = PBXGroup;
			children = (
				546ADCD71F08EC86003A39E3 /* FlickrPhoto.swift */,
				04EB5E161F06769F0004DEB5 /* Photo.swift */,
			);
			path = Models;
			sourceTree = "<group>";
		};
		04EB5DC41F063F030004DEB5 /* PresentationLayer */ = {
			isa = PBXGroup;
			children = (
				04EB5E111F0674E90004DEB5 /* Common */,
				04EB5DD41F063F9D0004DEB5 /* UserStories */,
				04EB5DC71F063F030004DEB5 /* Main.storyboard */,
				04EB5DC51F063F030004DEB5 /* LaunchScreen.storyboard */,
			);
			path = PresentationLayer;
			sourceTree = "<group>";
		};
		04EB5DCA1F063F030004DEB5 /* Resourses */ = {
			isa = PBXGroup;
			children = (
				04EB5DCB1F063F030004DEB5 /* Assets.xcassets */,
			);
			path = Resourses;
			sourceTree = "<group>";
		};
		04EB5DCC1F063F030004DEB5 /* Supporting Files */ = {
			isa = PBXGroup;
			children = (
				04EB5DCD1F063F030004DEB5 /* Info.plist */,
			);
			path = "Supporting Files";
			sourceTree = "<group>";
		};
		04EB5DD41F063F9D0004DEB5 /* UserStories */ = {
			isa = PBXGroup;
			children = (
				04EB5DFD1F0642640004DEB5 /* PhoroSearchUserStory */,
				5448F9C01F091C3E00E47B40 /* PhotoSearchDetailUserStory */,
			);
			path = UserStories;
			sourceTree = "<group>";
		};
		04EB5DFD1F0642640004DEB5 /* PhoroSearchUserStory */ = {
			isa = PBXGroup;
			children = (
				04EB5DFE1F0642640004DEB5 /* Modules */,
				04EB5E051F0642640004DEB5 /* Storyboard */,
			);
			path = PhoroSearchUserStory;
			sourceTree = "<group>";
		};
		04EB5DFE1F0642640004DEB5 /* Modules */ = {
			isa = PBXGroup;
			children = (
				DC8B6FE1FD622FD719CCFE1E /* PhotoSearch */,
			);
			path = Modules;
			sourceTree = "<group>";
		};
		04EB5E051F0642640004DEB5 /* Storyboard */ = {
			isa = PBXGroup;
			children = (
				04EB5E061F06449F0004DEB5 /* PhotoSearch.storyboard */,
			);
			path = Storyboard;
			sourceTree = "<group>";
		};
		04EB5E101F06700A0004DEB5 /* PhotoSearchDataDisplayManager */ = {
			isa = PBXGroup;
			children = (
				04EB5E0E1F066C620004DEB5 /* PhotoDataDisplayManager.swift */,
				04EB5E0A1F064DF30004DEB5 /* PhotoSearchDataImplementation.swift */,
			);
			path = PhotoSearchDataDisplayManager;
			sourceTree = "<group>";
		};
		04EB5E111F0674E90004DEB5 /* Common */ = {
			isa = PBXGroup;
			children = (
				04EB5E121F0675040004DEB5 /* Protocols */,
			);
			path = Common;
			sourceTree = "<group>";
		};
		04EB5E121F0675040004DEB5 /* Protocols */ = {
			isa = PBXGroup;
			children = (
				04EB5E131F0675040004DEB5 /* DataDisplayManager */,
				04EB5E241F067E980004DEB5 /* ReusableView.swift */,
				04EB5E281F06812B0004DEB5 /* NibLoadableView.swift */,
			);
			path = Protocols;
			sourceTree = "<group>";
		};
		04EB5E131F0675040004DEB5 /* DataDisplayManager */ = {
			isa = PBXGroup;
			children = (
				04EB5E141F0675220004DEB5 /* DataDisplayManager.swift */,
			);
			path = DataDisplayManager;
			sourceTree = "<group>";
		};
		04EB5E181F06770E0004DEB5 /* PhotoSearchCell */ = {
			isa = PBXGroup;
			children = (
				04EB5E191F0677320004DEB5 /* PhotoSearchCell.swift */,
				04EB5E1A1F0677320004DEB5 /* PhotoSearchCell.xib */,
			);
			path = PhotoSearchCell;
			sourceTree = "<group>";
		};
		04EB5E1D1F0677530004DEB5 /* PhotoSearchLoadingCell */ = {
			isa = PBXGroup;
			children = (
				5448F9BC1F091B8500E47B40 /* PhotoLoadingCell.swift */,
				5448F9BD1F091B8500E47B40 /* PhotoLoadingCell.xib */,
			);
			path = PhotoSearchLoadingCell;
			sourceTree = "<group>";
		};
		0BA5C6709E5E7996F96A42A0 /* Configurator */ = {
			isa = PBXGroup;
			children = (
				FAC0A730C798D3CAF256D77C /* PhotoSearchConfigurator.swift */,
				ACF5FE0819A926D0E7B54DE3 /* PhotoSearchInitializer.swift */,
			);
			path = Configurator;
			sourceTree = "<group>";
		};
		47183CCCD3300CE62DA5FE53 /* Interactor */ = {
			isa = PBXGroup;
			children = (
				4407FC2D8A61AA50CA313BB1 /* PhotoSearchDetailInteractorInput.swift */,
				CCC0F9964CD204526551DE79 /* PhotoSearchDetailInteractorOutput.swift */,
				D783C7FEA4C11AD061622222 /* PhotoSearchDetailInteractor.swift */,
			);
			path = Interactor;
			sourceTree = "<group>";
		};
		5448F9C01F091C3E00E47B40 /* PhotoSearchDetailUserStory */ = {
			isa = PBXGroup;
			children = (
				5448F9C11F091C3E00E47B40 /* Modules */,
				5448F9C21F091C3E00E47B40 /* Storyboard */,
			);
			path = PhotoSearchDetailUserStory;
			sourceTree = "<group>";
		};
		5448F9C11F091C3E00E47B40 /* Modules */ = {
			isa = PBXGroup;
			children = (
				998127DC7CA5CDDB68CDEC07 /* PhotoSearchDetail */,
			);
			path = Modules;
			sourceTree = "<group>";
		};
		5448F9C21F091C3E00E47B40 /* Storyboard */ = {
			isa = PBXGroup;
			children = (
				54966AAB1F0923BB0072860C /* PhotoSearchDetail.storyboard */,
			);
			path = Storyboard;
			sourceTree = "<group>";
		};
		546ADCD91F08EE0C003A39E3 /* Services */ = {
			isa = PBXGroup;
			children = (
				546ADCDA1F08EE0C003A39E3 /* FlickrPhotoService */,
				54966AAD1F096B3D0072860C /* PhotoLoaderService */,
			);
			path = Services;
			sourceTree = "<group>";
		};
		546ADCDA1F08EE0C003A39E3 /* FlickrPhotoService */ = {
			isa = PBXGroup;
			children = (
				546ADCDB1F08EE2A003A39E3 /* FlickrPhotoService.swift */,
				546ADCDD1F08EE39003A39E3 /* FlickrPhotoServiceImplementation.swift */,
			);
			path = FlickrPhotoService;
			sourceTree = "<group>";
		};
		54966AAD1F096B3D0072860C /* PhotoLoaderService */ = {
			isa = PBXGroup;
			children = (
				54966AAE1F096B470072860C /* ImageLoaderService.swift */,
				54966AB01F096B580072860C /* ImageLoaderServiceImplementaion.swift */,
			);
			path = PhotoLoaderService;
			sourceTree = "<group>";
		};
		55E0C0716BCB37C42C58E44C /* Router */ = {
			isa = PBXGroup;
			children = (
				BCD5EC8728DD93B2C0CAD24F /* PhotoSearchDetailRouterInput.swift */,
				58C35B9E1F633CEB75A00D87 /* PhotoSearchDetailRouter.swift */,
			);
			path = Router;
			sourceTree = "<group>";
		};
		5CB15CB50BAEB001CE22B5A5 /* Configurator */ = {
			isa = PBXGroup;
			children = (
				5EAE86667E01A34B9C4365AB /* PhotoSearchDetailConfigurator.swift */,
				847D10DC7D3EE8B33A30A7D0 /* PhotoSearchDetailInitializer.swift */,
			);
			path = Configurator;
			sourceTree = "<group>";
		};
		7469F1D9A715799A1AA78FCA /* Pods */ = {
			isa = PBXGroup;
			children = (
				0E6EA9E816361FA4EA694BF8 /* Pods-FlickrPhotos.debug.xcconfig */,
				C40537136687225A8BA7594B /* Pods-FlickrPhotos.release.xcconfig */,
				23E100423B5530B5AEF3D84C /* Pods-FlickrPhotosTests.debug.xcconfig */,
				5D3572C705FD73D580B0F23E /* Pods-FlickrPhotosTests.release.xcconfig */,
			);
			name = Pods;
			sourceTree = "<group>";
		};
		820ADABF7298C6130DE86B08 /* Router */ = {
			isa = PBXGroup;
			children = (
				BD00B8D01AB579965EFB3751 /* PhotoSearchRouterInput.swift */,
				80E57D0E034605F70FD019D3 /* PhotoSearchRouter.swift */,
			);
			path = Router;
			sourceTree = "<group>";
		};
		998127DC7CA5CDDB68CDEC07 /* PhotoSearchDetail */ = {
			isa = PBXGroup;
			children = (
				DA7B6B1C0168CAAE5AE08442 /* View */,
				03DB8A5049976A962C8C7E31 /* Presenter */,
				47183CCCD3300CE62DA5FE53 /* Interactor */,
				55E0C0716BCB37C42C58E44C /* Router */,
				5CB15CB50BAEB001CE22B5A5 /* Configurator */,
			);
			path = PhotoSearchDetail;
			sourceTree = "<group>";
		};
		A6D917D108C1BA297DCFF775 /* Frameworks */ = {
			isa = PBXGroup;
			children = (
				51C3E0954C7E96196785B4E6 /* Pods_FlickrPhotos.framework */,
				17E554D741AA756456047E93 /* Pods_FlickrPhotosTests.framework */,
			);
			name = Frameworks;
			sourceTree = "<group>";
		};
		AC0585D09F5459ACBCAF172A /* View */ = {
			isa = PBXGroup;
			children = (
				4AAD32D283C0D79FEEA2332F /* PhotoSearchViewInput.swift */,
				9E14D2272E558509C53828CB /* PhotoSearchViewOutput.swift */,
				EFFDE338F85740889953E9E9 /* PhotoSearchViewController.swift */,
				04EB5E101F06700A0004DEB5 /* PhotoSearchDataDisplayManager */,
				04EB5E181F06770E0004DEB5 /* PhotoSearchCell */,
				04EB5E1D1F0677530004DEB5 /* PhotoSearchLoadingCell */,
			);
			path = View;
			sourceTree = "<group>";
		};
		BE20917D4E7E3FCB559B6DC5 /* Presenter */ = {
			isa = PBXGroup;
			children = (
				AE4AC53D63B85907B6A1A94F /* PhotoSearchModuleInput.swift */,
				D0F04B1A0DF9DDB9F8731A2F /* PhotoSearchPresenter.swift */,
			);
			path = Presenter;
			sourceTree = "<group>";
		};
		DA7B6B1C0168CAAE5AE08442 /* View */ = {
			isa = PBXGroup;
			children = (
				5448F9E11F091ECC00E47B40 /* PhotoSearchDetailViewController.swift */,
				5448F9E21F091ECC00E47B40 /* PhotoSearchDetailViewInput.swift */,
				5448F9E31F091ECC00E47B40 /* PhotoSearchDetailViewOutput.swift */,
			);
			path = View;
			sourceTree = "<group>";
		};
		DC8B6FE1FD622FD719CCFE1E /* PhotoSearch */ = {
			isa = PBXGroup;
			children = (
				AC0585D09F5459ACBCAF172A /* View */,
				BE20917D4E7E3FCB559B6DC5 /* Presenter */,
				04C52476A0C40E357DDCE322 /* Interactor */,
				820ADABF7298C6130DE86B08 /* Router */,
				0BA5C6709E5E7996F96A42A0 /* Configurator */,
			);
			path = PhotoSearch;
			sourceTree = "<group>";
		};
/* End PBXGroup section */

/* Begin PBXNativeTarget section */
		04EB5D971F063DD30004DEB5 /* FlickrPhotos */ = {
			isa = PBXNativeTarget;
			buildConfigurationList = 04EB5DB51F063DD30004DEB5 /* Build configuration list for PBXNativeTarget "FlickrPhotos" */;
			buildPhases = (
				A3FD9F19688E10810AF9C195 /* [CP] Check Pods Manifest.lock */,
				04EB5D941F063DD30004DEB5 /* Sources */,
				04EB5D951F063DD30004DEB5 /* Frameworks */,
				04EB5D961F063DD30004DEB5 /* Resources */,
				3EBE66FF4F4578CB26ABFCB3 /* [CP] Embed Pods Frameworks */,
				AECE99F46CE9B5F20128AA87 /* [CP] Copy Pods Resources */,
			);
			buildRules = (
			);
			dependencies = (
			);
			name = FlickrPhotos;
			productName = FlickrPhotos;
			productReference = 04EB5D981F063DD30004DEB5 /* FlickrPhotos.app */;
			productType = "com.apple.product-type.application";
		};
		04EB5DAB1F063DD30004DEB5 /* FlickrPhotosTests */ = {
			isa = PBXNativeTarget;
			buildConfigurationList = 04EB5DB81F063DD30004DEB5 /* Build configuration list for PBXNativeTarget "FlickrPhotosTests" */;
			buildPhases = (
				1FA8C4CA61A0732445FAFFCE /* [CP] Check Pods Manifest.lock */,
				04EB5DA81F063DD30004DEB5 /* Sources */,
				04EB5DA91F063DD30004DEB5 /* Frameworks */,
				04EB5DAA1F063DD30004DEB5 /* Resources */,
				3D6174BB21A26ACE29E7D44D /* [CP] Embed Pods Frameworks */,
				8F39934B1515F9F9EB1A54E5 /* [CP] Copy Pods Resources */,
			);
			buildRules = (
			);
			dependencies = (
				04EB5DAE1F063DD30004DEB5 /* PBXTargetDependency */,
			);
			name = FlickrPhotosTests;
			productName = FlickrPhotosTests;
			productReference = 04EB5DAC1F063DD30004DEB5 /* FlickrPhotosTests.xctest */;
			productType = "com.apple.product-type.bundle.unit-test";
		};
/* End PBXNativeTarget section */

/* Begin PBXProject section */
		04EB5D901F063DD30004DEB5 /* Project object */ = {
			isa = PBXProject;
			attributes = {
				LastSwiftUpdateCheck = 0830;
				LastUpgradeCheck = 0830;
				ORGANIZATIONNAME = "GNS-IT";
				TargetAttributes = {
					04EB5D971F063DD30004DEB5 = {
						CreatedOnToolsVersion = 8.3;
						DevelopmentTeam = SE2863ATQ6;
						ProvisioningStyle = Automatic;
					};
					04EB5DAB1F063DD30004DEB5 = {
						CreatedOnToolsVersion = 8.3;
						DevelopmentTeam = SE2863ATQ6;
						ProvisioningStyle = Automatic;
						TestTargetID = 04EB5D971F063DD30004DEB5;
					};
				};
			};
			buildConfigurationList = 04EB5D931F063DD30004DEB5 /* Build configuration list for PBXProject "FlickrPhotos" */;
			compatibilityVersion = "Xcode 3.2";
			developmentRegion = English;
			hasScannedForEncodings = 0;
			knownRegions = (
				en,
				Base,
			);
			mainGroup = 04EB5D8F1F063DD30004DEB5;
			productRefGroup = 04EB5D991F063DD30004DEB5 /* Products */;
			projectDirPath = "";
			projectRoot = "";
			targets = (
				04EB5D971F063DD30004DEB5 /* FlickrPhotos */,
				04EB5DAB1F063DD30004DEB5 /* FlickrPhotosTests */,
			);
		};
/* End PBXProject section */

/* Begin PBXResourcesBuildPhase section */
		04EB5D961F063DD30004DEB5 /* Resources */ = {
			isa = PBXResourcesBuildPhase;
			buildActionMask = 2147483647;
			files = (
				04EB5DD01F063F030004DEB5 /* Main.storyboard in Resources */,
				54966AAC1F0923BB0072860C /* PhotoSearchDetail.storyboard in Resources */,
				5448F9BF1F091B8500E47B40 /* PhotoLoadingCell.xib in Resources */,
				04EB5DCF1F063F030004DEB5 /* LaunchScreen.storyboard in Resources */,
				04EB5DD21F063F030004DEB5 /* Assets.xcassets in Resources */,
				04EB5E1C1F0677320004DEB5 /* PhotoSearchCell.xib in Resources */,
				04EB5E071F06449F0004DEB5 /* PhotoSearch.storyboard in Resources */,
			);
			runOnlyForDeploymentPostprocessing = 0;
		};
		04EB5DAA1F063DD30004DEB5 /* Resources */ = {
			isa = PBXResourcesBuildPhase;
			buildActionMask = 2147483647;
			files = (
			);
			runOnlyForDeploymentPostprocessing = 0;
		};
/* End PBXResourcesBuildPhase section */

/* Begin PBXShellScriptBuildPhase section */
		1FA8C4CA61A0732445FAFFCE /* [CP] Check Pods Manifest.lock */ = {
			isa = PBXShellScriptBuildPhase;
			buildActionMask = 2147483647;
			files = (
			);
			inputPaths = (
			);
			name = "[CP] Check Pods Manifest.lock";
			outputPaths = (
			);
			runOnlyForDeploymentPostprocessing = 0;
			shellPath = /bin/sh;
			shellScript = "diff \"${PODS_PODFILE_DIR_PATH}/Podfile.lock\" \"${PODS_ROOT}/Manifest.lock\" > /dev/null\nif [ $? != 0 ] ; then\n    # print error to STDERR\n    echo \"error: The sandbox is not in sync with the Podfile.lock. Run 'pod install' or update your CocoaPods installation.\" >&2\n    exit 1\nfi\n";
			showEnvVarsInLog = 0;
		};
		3D6174BB21A26ACE29E7D44D /* [CP] Embed Pods Frameworks */ = {
			isa = PBXShellScriptBuildPhase;
			buildActionMask = 2147483647;
			files = (
			);
			inputPaths = (
			);
			name = "[CP] Embed Pods Frameworks";
			outputPaths = (
			);
			runOnlyForDeploymentPostprocessing = 0;
			shellPath = /bin/sh;
			shellScript = "\"${SRCROOT}/Pods/Target Support Files/Pods-FlickrPhotosTests/Pods-FlickrPhotosTests-frameworks.sh\"\n";
			showEnvVarsInLog = 0;
		};
		3EBE66FF4F4578CB26ABFCB3 /* [CP] Embed Pods Frameworks */ = {
			isa = PBXShellScriptBuildPhase;
			buildActionMask = 2147483647;
			files = (
			);
			inputPaths = (
			);
			name = "[CP] Embed Pods Frameworks";
			outputPaths = (
			);
			runOnlyForDeploymentPostprocessing = 0;
			shellPath = /bin/sh;
			shellScript = "\"${SRCROOT}/Pods/Target Support Files/Pods-FlickrPhotos/Pods-FlickrPhotos-frameworks.sh\"\n";
			showEnvVarsInLog = 0;
		};
		8F39934B1515F9F9EB1A54E5 /* [CP] Copy Pods Resources */ = {
			isa = PBXShellScriptBuildPhase;
			buildActionMask = 2147483647;
			files = (
			);
			inputPaths = (
			);
			name = "[CP] Copy Pods Resources";
			outputPaths = (
			);
			runOnlyForDeploymentPostprocessing = 0;
			shellPath = /bin/sh;
			shellScript = "\"${SRCROOT}/Pods/Target Support Files/Pods-FlickrPhotosTests/Pods-FlickrPhotosTests-resources.sh\"\n";
			showEnvVarsInLog = 0;
		};
		A3FD9F19688E10810AF9C195 /* [CP] Check Pods Manifest.lock */ = {
			isa = PBXShellScriptBuildPhase;
			buildActionMask = 2147483647;
			files = (
			);
			inputPaths = (
			);
			name = "[CP] Check Pods Manifest.lock";
			outputPaths = (
			);
			runOnlyForDeploymentPostprocessing = 0;
			shellPath = /bin/sh;
			shellScript = "diff \"${PODS_PODFILE_DIR_PATH}/Podfile.lock\" \"${PODS_ROOT}/Manifest.lock\" > /dev/null\nif [ $? != 0 ] ; then\n    # print error to STDERR\n    echo \"error: The sandbox is not in sync with the Podfile.lock. Run 'pod install' or update your CocoaPods installation.\" >&2\n    exit 1\nfi\n";
			showEnvVarsInLog = 0;
		};
		AECE99F46CE9B5F20128AA87 /* [CP] Copy Pods Resources */ = {
			isa = PBXShellScriptBuildPhase;
			buildActionMask = 2147483647;
			files = (
			);
			inputPaths = (
			);
			name = "[CP] Copy Pods Resources";
			outputPaths = (
			);
			runOnlyForDeploymentPostprocessing = 0;
			shellPath = /bin/sh;
			shellScript = "\"${SRCROOT}/Pods/Target Support Files/Pods-FlickrPhotos/Pods-FlickrPhotos-resources.sh\"\n";
			showEnvVarsInLog = 0;
		};
/* End PBXShellScriptBuildPhase section */

/* Begin PBXSourcesBuildPhase section */
		04EB5D941F063DD30004DEB5 /* Sources */ = {
			isa = PBXSourcesBuildPhase;
			buildActionMask = 2147483647;
			files = (
				54966AAF1F096B470072860C /* ImageLoaderService.swift in Sources */,
				04EB5DCE1F063F030004DEB5 /* AppDelegate.swift in Sources */,
				546ADCE21F08F1C5003A39E3 /* FlickrAPIConstants.swift in Sources */,
				363C3999A89C19E39943A402 /* PhotoSearchViewInput.swift in Sources */,
				546ADCE01F08F153003A39E3 /* ErrorConstants.swift in Sources */,
				4D90A737D7D3346DFCE73E08 /* PhotoSearchViewOutput.swift in Sources */,
				6C7F032BAFB344F0F30E8659 /* PhotoSearchViewController.swift in Sources */,
				546ADCD61F08E47B003A39E3 /* ApplicationServicesManager.swift in Sources */,
				712243EBD1B96801E86AD887 /* PhotoSearchModuleInput.swift in Sources */,
				54E31AA01F09099D006E3035 /* StringConstants.swift in Sources */,
				04EB5E0B1F064DF30004DEB5 /* PhotoSearchDataImplementation.swift in Sources */,
				CA7AA78B462EACBDB5FE32A8 /* PhotoSearchPresenter.swift in Sources */,
				EDE97456027725772A773BD6 /* PhotoSearchInteractorInput.swift in Sources */,
				04EB5E0F1F066C620004DEB5 /* PhotoDataDisplayManager.swift in Sources */,
				04EB5E291F06812B0004DEB5 /* NibLoadableView.swift in Sources */,
				54966AB11F096B580072860C /* ImageLoaderServiceImplementaion.swift in Sources */,
				5448F9E61F091ECC00E47B40 /* PhotoSearchDetailViewOutput.swift in Sources */,
				546ADCDC1F08EE2A003A39E3 /* FlickrPhotoService.swift in Sources */,
				04EB5E2B1F0682490004DEB5 /* UICollectionViewCell.swift in Sources */,
				04EB5E271F0680480004DEB5 /* UICollectionView.swift in Sources */,
				546ADCD81F08EC86003A39E3 /* FlickrPhoto.swift in Sources */,
				3BCBC68E5F1B40A38FA295B2 /* PhotoSearchInteractorOutput.swift in Sources */,
				04EB5E251F067E980004DEB5 /* ReusableView.swift in Sources */,
				04EB5E171F06769F0004DEB5 /* Photo.swift in Sources */,
				14DAB76959724EBCA53CD43D /* PhotoSearchInteractor.swift in Sources */,
				04EB5E1B1F0677320004DEB5 /* PhotoSearchCell.swift in Sources */,
				7FBD420723447D74984208DC /* PhotoSearchRouterInput.swift in Sources */,
				546ADCDE1F08EE39003A39E3 /* FlickrPhotoServiceImplementation.swift in Sources */,
				5448F9BE1F091B8500E47B40 /* PhotoLoadingCell.swift in Sources */,
				AFF81329B2020A45132ECFD3 /* PhotoSearchRouter.swift in Sources */,
				90E91223646EA68233C1868F /* PhotoSearchConfigurator.swift in Sources */,
				04EB5E151F0675220004DEB5 /* DataDisplayManager.swift in Sources */,
				E220009F39E5009DB0A948EB /* PhotoSearchInitializer.swift in Sources */,
				11DB0DB680F126276382FC5E /* PhotoSearchDetailModuleInput.swift in Sources */,
				5448F9E51F091ECC00E47B40 /* PhotoSearchDetailViewInput.swift in Sources */,
				CC21693716DB5AAF3AFCC5F3 /* PhotoSearchDetailPresenter.swift in Sources */,
				073DDEB0D6DDE6FF32BCEC9F /* PhotoSearchDetailInteractorInput.swift in Sources */,
				BE9638C16D616B879B2FFDF7 /* PhotoSearchDetailInteractorOutput.swift in Sources */,
				99BD930C1AFE08A2B7ABDCC9 /* PhotoSearchDetailInteractor.swift in Sources */,
				E5511F923434A5114EE95878 /* PhotoSearchDetailRouterInput.swift in Sources */,
				5448F9E41F091ECC00E47B40 /* PhotoSearchDetailViewController.swift in Sources */,
				255906FC2077B3DD424D8E5D /* PhotoSearchDetailRouter.swift in Sources */,
				3CF6A8B62EC53791C97B83B9 /* PhotoSearchDetailConfigurator.swift in Sources */,
				CDB793F908DF19D9363D581C /* PhotoSearchDetailInitializer.swift in Sources */,
			);
			runOnlyForDeploymentPostprocessing = 0;
		};
		04EB5DA81F063DD30004DEB5 /* Sources */ = {
			isa = PBXSourcesBuildPhase;
			buildActionMask = 2147483647;
			files = (
			);
			runOnlyForDeploymentPostprocessing = 0;
		};
/* End PBXSourcesBuildPhase section */

/* Begin PBXTargetDependency section */
		04EB5DAE1F063DD30004DEB5 /* PBXTargetDependency */ = {
			isa = PBXTargetDependency;
			target = 04EB5D971F063DD30004DEB5 /* FlickrPhotos */;
			targetProxy = 04EB5DAD1F063DD30004DEB5 /* PBXContainerItemProxy */;
		};
/* End PBXTargetDependency section */

/* Begin PBXVariantGroup section */
		04EB5DC51F063F030004DEB5 /* LaunchScreen.storyboard */ = {
			isa = PBXVariantGroup;
			children = (
				04EB5DC61F063F030004DEB5 /* Base */,
			);
			name = LaunchScreen.storyboard;
			sourceTree = "<group>";
		};
		04EB5DC71F063F030004DEB5 /* Main.storyboard */ = {
			isa = PBXVariantGroup;
			children = (
				04EB5DC81F063F030004DEB5 /* Base */,
			);
			name = Main.storyboard;
			sourceTree = "<group>";
		};
/* End PBXVariantGroup section */

/* Begin XCBuildConfiguration section */
		04EB5DB31F063DD30004DEB5 /* Debug */ = {
			isa = XCBuildConfiguration;
			buildSettings = {
				ALWAYS_SEARCH_USER_PATHS = NO;
				CLANG_ANALYZER_NONNULL = YES;
				CLANG_ANALYZER_NUMBER_OBJECT_CONVERSION = YES_AGGRESSIVE;
				CLANG_CXX_LANGUAGE_STANDARD = "gnu++0x";
				CLANG_CXX_LIBRARY = "libc++";
				CLANG_ENABLE_MODULES = YES;
				CLANG_ENABLE_OBJC_ARC = YES;
				CLANG_WARN_BOOL_CONVERSION = YES;
				CLANG_WARN_CONSTANT_CONVERSION = YES;
				CLANG_WARN_DIRECT_OBJC_ISA_USAGE = YES_ERROR;
				CLANG_WARN_DOCUMENTATION_COMMENTS = YES;
				CLANG_WARN_EMPTY_BODY = YES;
				CLANG_WARN_ENUM_CONVERSION = YES;
				CLANG_WARN_INFINITE_RECURSION = YES;
				CLANG_WARN_INT_CONVERSION = YES;
				CLANG_WARN_OBJC_ROOT_CLASS = YES_ERROR;
				CLANG_WARN_SUSPICIOUS_MOVE = YES;
				CLANG_WARN_UNREACHABLE_CODE = YES;
				CLANG_WARN__DUPLICATE_METHOD_MATCH = YES;
				"CODE_SIGN_IDENTITY[sdk=iphoneos*]" = "iPhone Developer";
				COPY_PHASE_STRIP = NO;
				DEBUG_INFORMATION_FORMAT = dwarf;
				ENABLE_STRICT_OBJC_MSGSEND = YES;
				ENABLE_TESTABILITY = YES;
				GCC_C_LANGUAGE_STANDARD = gnu99;
				GCC_DYNAMIC_NO_PIC = NO;
				GCC_NO_COMMON_BLOCKS = YES;
				GCC_OPTIMIZATION_LEVEL = 0;
				GCC_PREPROCESSOR_DEFINITIONS = (
					"DEBUG=1",
					"$(inherited)",
				);
				GCC_WARN_64_TO_32_BIT_CONVERSION = YES;
				GCC_WARN_ABOUT_RETURN_TYPE = YES_ERROR;
				GCC_WARN_UNDECLARED_SELECTOR = YES;
				GCC_WARN_UNINITIALIZED_AUTOS = YES_AGGRESSIVE;
				GCC_WARN_UNUSED_FUNCTION = YES;
				GCC_WARN_UNUSED_VARIABLE = YES;
				IPHONEOS_DEPLOYMENT_TARGET = 10.3;
				MTL_ENABLE_DEBUG_INFO = YES;
				ONLY_ACTIVE_ARCH = YES;
				SDKROOT = iphoneos;
				SWIFT_ACTIVE_COMPILATION_CONDITIONS = DEBUG;
				SWIFT_OPTIMIZATION_LEVEL = "-Onone";
			};
			name = Debug;
		};
		04EB5DB41F063DD30004DEB5 /* Release */ = {
			isa = XCBuildConfiguration;
			buildSettings = {
				ALWAYS_SEARCH_USER_PATHS = NO;
				CLANG_ANALYZER_NONNULL = YES;
				CLANG_ANALYZER_NUMBER_OBJECT_CONVERSION = YES_AGGRESSIVE;
				CLANG_CXX_LANGUAGE_STANDARD = "gnu++0x";
				CLANG_CXX_LIBRARY = "libc++";
				CLANG_ENABLE_MODULES = YES;
				CLANG_ENABLE_OBJC_ARC = YES;
				CLANG_WARN_BOOL_CONVERSION = YES;
				CLANG_WARN_CONSTANT_CONVERSION = YES;
				CLANG_WARN_DIRECT_OBJC_ISA_USAGE = YES_ERROR;
				CLANG_WARN_DOCUMENTATION_COMMENTS = YES;
				CLANG_WARN_EMPTY_BODY = YES;
				CLANG_WARN_ENUM_CONVERSION = YES;
				CLANG_WARN_INFINITE_RECURSION = YES;
				CLANG_WARN_INT_CONVERSION = YES;
				CLANG_WARN_OBJC_ROOT_CLASS = YES_ERROR;
				CLANG_WARN_SUSPICIOUS_MOVE = YES;
				CLANG_WARN_UNREACHABLE_CODE = YES;
				CLANG_WARN__DUPLICATE_METHOD_MATCH = YES;
				"CODE_SIGN_IDENTITY[sdk=iphoneos*]" = "iPhone Developer";
				COPY_PHASE_STRIP = NO;
				DEBUG_INFORMATION_FORMAT = "dwarf-with-dsym";
				ENABLE_NS_ASSERTIONS = NO;
				ENABLE_STRICT_OBJC_MSGSEND = YES;
				GCC_C_LANGUAGE_STANDARD = gnu99;
				GCC_NO_COMMON_BLOCKS = YES;
				GCC_WARN_64_TO_32_BIT_CONVERSION = YES;
				GCC_WARN_ABOUT_RETURN_TYPE = YES_ERROR;
				GCC_WARN_UNDECLARED_SELECTOR = YES;
				GCC_WARN_UNINITIALIZED_AUTOS = YES_AGGRESSIVE;
				GCC_WARN_UNUSED_FUNCTION = YES;
				GCC_WARN_UNUSED_VARIABLE = YES;
				IPHONEOS_DEPLOYMENT_TARGET = 10.3;
				MTL_ENABLE_DEBUG_INFO = NO;
				SDKROOT = iphoneos;
				SWIFT_OPTIMIZATION_LEVEL = "-Owholemodule";
				VALIDATE_PRODUCT = YES;
			};
			name = Release;
		};
		04EB5DB61F063DD30004DEB5 /* Debug */ = {
			isa = XCBuildConfiguration;
			baseConfigurationReference = 0E6EA9E816361FA4EA694BF8 /* Pods-FlickrPhotos.debug.xcconfig */;
			buildSettings = {
				ASSETCATALOG_COMPILER_APPICON_NAME = AppIcon;
				DEVELOPMENT_TEAM = SE2863ATQ6;
				INFOPLIST_FILE = "$(SRCROOT)/FlickrPhotos/Supporting Files/Info.plist";
				LD_RUNPATH_SEARCH_PATHS = "$(inherited) @executable_path/Frameworks";
				PRODUCT_BUNDLE_IDENTIFIER = "com.gns-it.FlickrPhotos";
				PRODUCT_NAME = "$(TARGET_NAME)";
				SWIFT_VERSION = 3.0;
			};
			name = Debug;
		};
		04EB5DB71F063DD30004DEB5 /* Release */ = {
			isa = XCBuildConfiguration;
			baseConfigurationReference = C40537136687225A8BA7594B /* Pods-FlickrPhotos.release.xcconfig */;
			buildSettings = {
				ASSETCATALOG_COMPILER_APPICON_NAME = AppIcon;
				DEVELOPMENT_TEAM = SE2863ATQ6;
				INFOPLIST_FILE = "$(SRCROOT)/FlickrPhotos/Supporting Files/Info.plist";
				LD_RUNPATH_SEARCH_PATHS = "$(inherited) @executable_path/Frameworks";
				PRODUCT_BUNDLE_IDENTIFIER = "com.gns-it.FlickrPhotos";
				PRODUCT_NAME = "$(TARGET_NAME)";
				SWIFT_VERSION = 3.0;
			};
			name = Release;
		};
		04EB5DB91F063DD30004DEB5 /* Debug */ = {
			isa = XCBuildConfiguration;
			baseConfigurationReference = 23E100423B5530B5AEF3D84C /* Pods-FlickrPhotosTests.debug.xcconfig */;
			buildSettings = {
				ALWAYS_EMBED_SWIFT_STANDARD_LIBRARIES = YES;
				BUNDLE_LOADER = "$(TEST_HOST)";
				DEVELOPMENT_TEAM = SE2863ATQ6;
				INFOPLIST_FILE = FlickrPhotosTests/Info.plist;
				LD_RUNPATH_SEARCH_PATHS = "$(inherited) @executable_path/Frameworks @loader_path/Frameworks";
				PRODUCT_BUNDLE_IDENTIFIER = "com.gns-it.FlickrPhotosTests";
				PRODUCT_NAME = "$(TARGET_NAME)";
				SWIFT_VERSION = 3.0;
				TEST_HOST = "$(BUILT_PRODUCTS_DIR)/FlickrPhotos.app/FlickrPhotos";
			};
			name = Debug;
		};
		04EB5DBA1F063DD30004DEB5 /* Release */ = {
			isa = XCBuildConfiguration;
			baseConfigurationReference = 5D3572C705FD73D580B0F23E /* Pods-FlickrPhotosTests.release.xcconfig */;
			buildSettings = {
				ALWAYS_EMBED_SWIFT_STANDARD_LIBRARIES = YES;
				BUNDLE_LOADER = "$(TEST_HOST)";
				DEVELOPMENT_TEAM = SE2863ATQ6;
				INFOPLIST_FILE = FlickrPhotosTests/Info.plist;
				LD_RUNPATH_SEARCH_PATHS = "$(inherited) @executable_path/Frameworks @loader_path/Frameworks";
				PRODUCT_BUNDLE_IDENTIFIER = "com.gns-it.FlickrPhotosTests";
				PRODUCT_NAME = "$(TARGET_NAME)";
				SWIFT_VERSION = 3.0;
				TEST_HOST = "$(BUILT_PRODUCTS_DIR)/FlickrPhotos.app/FlickrPhotos";
			};
			name = Release;
		};
/* End XCBuildConfiguration section */

/* Begin XCConfigurationList section */
		04EB5D931F063DD30004DEB5 /* Build configuration list for PBXProject "FlickrPhotos" */ = {
			isa = XCConfigurationList;
			buildConfigurations = (
				04EB5DB31F063DD30004DEB5 /* Debug */,
				04EB5DB41F063DD30004DEB5 /* Release */,
			);
			defaultConfigurationIsVisible = 0;
			defaultConfigurationName = Release;
		};
		04EB5DB51F063DD30004DEB5 /* Build configuration list for PBXNativeTarget "FlickrPhotos" */ = {
			isa = XCConfigurationList;
			buildConfigurations = (
				04EB5DB61F063DD30004DEB5 /* Debug */,
				04EB5DB71F063DD30004DEB5 /* Release */,
			);
			defaultConfigurationIsVisible = 0;
			defaultConfigurationName = Release;
		};
		04EB5DB81F063DD30004DEB5 /* Build configuration list for PBXNativeTarget "FlickrPhotosTests" */ = {
			isa = XCConfigurationList;
			buildConfigurations = (
				04EB5DB91F063DD30004DEB5 /* Debug */,
				04EB5DBA1F063DD30004DEB5 /* Release */,
			);
			defaultConfigurationIsVisible = 0;
			defaultConfigurationName = Release;
		};
/* End XCConfigurationList section */
	};
	rootObject = 04EB5D901F063DD30004DEB5 /* Project object */;
}
